
Microsoft Visual Studio Solution File, Format Version 12.00
# Visual Studio Version 16
VisualStudioVersion = 16.0.31321.278
MinimumVisualStudioVersion = 10.0.40219.1
Project("{2150E333-8FDC-42A3-9474-1A3956D46DE8}") = "src", "src", "{FCF160EF-B171-4F14-877B-F8E5E4E9E266}"
EndProject
Project("{9A19103F-16F7-4668-BE54-9A1E7A4F7556}") = "EfCore.JsonColumn", "src\EfCore.JsonColumn.csproj", "{83F0002C-52C7-4075-BD47-94C4DB4CFAE7}"
EndProject
Project("{2150E333-8FDC-42A3-9474-1A3956D46DE8}") = "sample", "sample", "{10BC2C5C-0299-4B04-A307-9AB818D14A29}"
EndProject
Project("{FAE04EC0-301F-11D3-BF4B-00C04F79EFBC}") = "EfCore.JsonColumn.Sample", "sample\EfCore.JsonColumn.Sample\EfCore.JsonColumn.Sample.csproj", "{8B9AB70D-AD53-487F-B933-C714AC1681A5}"
EndProject
Global
	GlobalSection(SolutionConfigurationPlatforms) = preSolution
		Debug|Any CPU = Debug|Any CPU
		Release|Any CPU = Release|Any CPU
	EndGlobalSection
	GlobalSection(ProjectConfigurationPlatforms) = postSolution
		{83F0002C-52C7-4075-BD47-94C4DB4CFAE7}.Debug|Any CPU.ActiveCfg = Debug|Any CPU
		{83F0002C-52C7-4075-BD47-94C4DB4CFAE7}.Debug|Any CPU.Build.0 = Debug|Any CPU
		{83F0002C-52C7-4075-BD47-94C4DB4CFAE7}.Release|Any CPU.ActiveCfg = Release|Any CPU
		{83F0002C-52C7-4075-BD47-94C4DB4CFAE7}.Release|Any CPU.Build.0 = Release|Any CPU
		{8B9AB70D-AD53-487F-B933-C714AC1681A5}.Debug|Any CPU.ActiveCfg = Debug|Any CPU
		{8B9AB70D-AD53-487F-B933-C714AC1681A5}.Debug|Any CPU.Build.0 = Debug|Any CPU
		{8B9AB70D-AD53-487F-B933-C714AC1681A5}.Release|Any CPU.ActiveCfg = Release|Any CPU
		{8B9AB70D-AD53-487F-B933-C714AC1681A5}.Release|Any CPU.Build.0 = Release|Any CPU
	EndGlobalSection
	GlobalSection(SolutionProperties) = preSolution
		HideSolutionNode = FALSE
	EndGlobalSection
	GlobalSection(NestedProjects) = preSolution
		{83F0002C-52C7-4075-BD47-94C4DB4CFAE7} = {FCF160EF-B171-4F14-877B-F8E5E4E9E266}
		{8B9AB70D-AD53-487F-B933-C714AC1681A5} = {10BC2C5C-0299-4B04-A307-9AB818D14A29}
	EndGlobalSection
	GlobalSection(ExtensibilityGlobals) = postSolution
		SolutionGuid = {6852CC24-10CD-44CC-848D-7A6BA798CB11}
	EndGlobalSection
EndGlobal
